
Microsoft Visual Studio Solution File, Format Version 12.00
# Visual Studio Version 17
VisualStudioVersion = 17.5.33502.453
MinimumVisualStudioVersion = 10.0.40219.1
Project("{FAE04EC0-301F-11D3-BF4B-00C04F79EFBC}") = "WebCoreExxe", "WebCoreExxe.csproj", "{3BAF6F86-B749-4626-A055-041E9193FE70}"
EndProject
Global
	GlobalSection(SolutionConfigurationPlatforms) = preSolution
		Debug|Any CPU = Debug|Any CPU
		Release|Any CPU = Release|Any CPU
	EndGlobalSection
	GlobalSection(ProjectConfigurationPlatforms) = postSolution
		{3BAF6F86-B749-4626-A055-041E9193FE70}.Debug|Any CPU.ActiveCfg = Debug|Any CPU
		{3BAF6F86-B749-4626-A055-041E9193FE70}.Debug|Any CPU.Build.0 = Debug|Any CPU
		{3BAF6F86-B749-4626-A055-041E9193FE70}.Release|Any CPU.ActiveCfg = Release|Any CPU
		{3BAF6F86-B749-4626-A055-041E9193FE70}.Release|Any CPU.Build.0 = Release|Any CPU
	EndGlobalSection
	GlobalSection(SolutionProperties) = preSolution
		HideSolutionNode = FALSE
	EndGlobalSection
	GlobalSection(ExtensibilityGlobals) = postSolution
		SolutionGuid = {BEDC4AAC-EB33-4747-B29E-2668C30A04DA}
	EndGlobalSection
EndGlobal
